
Microsoft Visual Studio Solution File, Format Version 12.00
# Visual Studio Version 16
VisualStudioVersion = 16.0.29519.87
MinimumVisualStudioVersion = 10.0.40219.1
Project("{FAE04EC0-301F-11D3-BF4B-00C04F79EFBC}") = "StarRating", "StarRating\StarRating.csproj", "{AF7B107B-36DD-4C44-84F9-45B38F6D43E5}"
EndProject
Global
	GlobalSection(SolutionConfigurationPlatforms) = preSolution
		Debug|Any CPU = Debug|Any CPU
		Release|Any CPU = Release|Any CPU
	EndGlobalSection
	GlobalSection(ProjectConfigurationPlatforms) = postSolution
		{AF7B107B-36DD-4C44-84F9-45B38F6D43E5}.Debug|Any CPU.ActiveCfg = Debug|Any CPU
		{AF7B107B-36DD-4C44-84F9-45B38F6D43E5}.Debug|Any CPU.Build.0 = Debug|Any CPU
		{AF7B107B-36DD-4C44-84F9-45B38F6D43E5}.Release|Any CPU.ActiveCfg = Release|Any CPU
		{AF7B107B-36DD-4C44-84F9-45B38F6D43E5}.Release|Any CPU.Build.0 = Release|Any CPU
	EndGlobalSection
	GlobalSection(SolutionProperties) = preSolution
		HideSolutionNode = FALSE
	EndGlobalSection
	GlobalSection(ExtensibilityGlobals) = postSolution
		SolutionGuid = {A8419211-F98A-4F2C-91FD-AD30A9A43B1B}
	EndGlobalSection
EndGlobal
